// !$*UTF8*$!
{
	archiveVersion = 1;
	classes = {
	};
	objectVersion = 56;
	objects = {

/* Begin PBXBuildFile section */
		FB6F810D2CDBD2100065FAA5 /* AppDelegate.swift in Sources */ = {isa = PBXBuildFile; fileRef = FB6F810C2CDBD2100065FAA5 /* AppDelegate.swift */; };
		FB6F810F2CDBD2100065FAA5 /* SceneDelegate.swift in Sources */ = {isa = PBXBuildFile; fileRef = FB6F810E2CDBD2100065FAA5 /* SceneDelegate.swift */; };
		FB6F81112CDBD2100065FAA5 /* ViewController.swift in Sources */ = {isa = PBXBuildFile; fileRef = FB6F81102CDBD2100065FAA5 /* ViewController.swift */; };
		FB6F81142CDBD2100065FAA5 /* Base in Resources */ = {isa = PBXBuildFile; fileRef = FB6F81132CDBD2100065FAA5 /* Base */; };
		FB6F81162CDBD2110065FAA5 /* Assets.xcassets in Resources */ = {isa = PBXBuildFile; fileRef = FB6F81152CDBD2110065FAA5 /* Assets.xcassets */; };
		FB6F81192CDBD2110065FAA5 /* Base in Resources */ = {isa = PBXBuildFile; fileRef = FB6F81182CDBD2110065FAA5 /* Base */; };
		FB90CD152CEFF17C001AEA34 /* ClassesListViewViewModel.swift in Sources */ = {isa = PBXBuildFile; fileRef = FB90CD142CEFF17C001AEA34 /* ClassesListViewViewModel.swift */; };
		FB90CD182CEFF2AC001AEA34 /* ClassesListView.swift in Sources */ = {isa = PBXBuildFile; fileRef = FB90CD172CEFF2AC001AEA34 /* ClassesListView.swift */; };
		FB90CD1B2CF002F0001AEA34 /* Extensions.swift in Sources */ = {isa = PBXBuildFile; fileRef = FB90CD1A2CF002F0001AEA34 /* Extensions.swift */; };
		FBA1BCAF2CDE72AF00906477 /* DNDClasses.swift in Sources */ = {isa = PBXBuildFile; fileRef = FBA1BCAE2CDE72AF00906477 /* DNDClasses.swift */; };
		FBA1BCB12CDE72C800906477 /* DNDMonsters.swift in Sources */ = {isa = PBXBuildFile; fileRef = FBA1BCB02CDE72C800906477 /* DNDMonsters.swift */; };
		FBA1BCB32CDE735D00906477 /* TabViewController.swift in Sources */ = {isa = PBXBuildFile; fileRef = FBA1BCB22CDE735D00906477 /* TabViewController.swift */; };
		FBA1BCB82CDE773B00906477 /* DNDRaces.swift in Sources */ = {isa = PBXBuildFile; fileRef = FBA1BCB72CDE773B00906477 /* DNDRaces.swift */; };
		FBA1BCBA2CDE7C4000906477 /* ClassViewController.swift in Sources */ = {isa = PBXBuildFile; fileRef = FBA1BCB92CDE7C4000906477 /* ClassViewController.swift */; };
		FBA1BCBC2CDE7C7400906477 /* MonsterViewController.swift in Sources */ = {isa = PBXBuildFile; fileRef = FBA1BCBB2CDE7C7400906477 /* MonsterViewController.swift */; };
		FBA1BCBE2CDE7C8C00906477 /* RaceViewController.swift in Sources */ = {isa = PBXBuildFile; fileRef = FBA1BCBD2CDE7C8C00906477 /* RaceViewController.swift */; };
		FBA1BCC02CDE7C9900906477 /* SettingsViewController.swift in Sources */ = {isa = PBXBuildFile; fileRef = FBA1BCBF2CDE7C9900906477 /* SettingsViewController.swift */; };
		FBE22F402CE50FC200C75C8E /* DNDService.swift in Sources */ = {isa = PBXBuildFile; fileRef = FBE22F3F2CE50FC200C75C8E /* DNDService.swift */; };
		FBE22F422CE50FD200C75C8E /* DNDRequest.swift in Sources */ = {isa = PBXBuildFile; fileRef = FBE22F412CE50FD200C75C8E /* DNDRequest.swift */; };
		FBE22F442CE510D200C75C8E /* DNDEndpoint.swift in Sources */ = {isa = PBXBuildFile; fileRef = FBE22F432CE510D200C75C8E /* DNDEndpoint.swift */; };
		FBE22F462CE519CF00C75C8E /* DNDArchetype.swift in Sources */ = {isa = PBXBuildFile; fileRef = FBE22F452CE519CF00C75C8E /* DNDArchetype.swift */; };
		FBF3D5E12CEE509A00C58A0B /* DNDObtenerTodasRespuestasClases.swift in Sources */ = {isa = PBXBuildFile; fileRef = FBF3D5E02CEE509A00C58A0B /* DNDObtenerTodasRespuestasClases.swift */; };
/* End PBXBuildFile section */

/* Begin PBXFileReference section */
		FB6F81092CDBD2100065FAA5 /* Proyecto_Final_191168.app */ = {isa = PBXFileReference; explicitFileType = wrapper.application; includeInIndex = 0; path = Proyecto_Final_191168.app; sourceTree = BUILT_PRODUCTS_DIR; };
		FB6F810C2CDBD2100065FAA5 /* AppDelegate.swift */ = {isa = PBXFileReference; lastKnownFileType = sourcecode.swift; path = AppDelegate.swift; sourceTree = "<group>"; };
		FB6F810E2CDBD2100065FAA5 /* SceneDelegate.swift */ = {isa = PBXFileReference; lastKnownFileType = sourcecode.swift; path = SceneDelegate.swift; sourceTree = "<group>"; };
		FB6F81102CDBD2100065FAA5 /* ViewController.swift */ = {isa = PBXFileReference; lastKnownFileType = sourcecode.swift; path = ViewController.swift; sourceTree = "<group>"; };
		FB6F81132CDBD2100065FAA5 /* Base */ = {isa = PBXFileReference; lastKnownFileType = file.storyboard; name = Base; path = Base.lproj/Main.storyboard; sourceTree = "<group>"; };
		FB6F81152CDBD2110065FAA5 /* Assets.xcassets */ = {isa = PBXFileReference; lastKnownFileType = folder.assetcatalog; path = Assets.xcassets; sourceTree = "<group>"; };
		FB6F81182CDBD2110065FAA5 /* Base */ = {isa = PBXFileReference; lastKnownFileType = file.storyboard; name = Base; path = Base.lproj/LaunchScreen.storyboard; sourceTree = "<group>"; };
		FB6F811A2CDBD2110065FAA5 /* Info.plist */ = {isa = PBXFileReference; lastKnownFileType = text.plist.xml; path = Info.plist; sourceTree = "<group>"; };
		FB90CD142CEFF17C001AEA34 /* ClassesListViewViewModel.swift */ = {isa = PBXFileReference; lastKnownFileType = sourcecode.swift; path = ClassesListViewViewModel.swift; sourceTree = "<group>"; };
		FB90CD172CEFF2AC001AEA34 /* ClassesListView.swift */ = {isa = PBXFileReference; lastKnownFileType = sourcecode.swift; path = ClassesListView.swift; sourceTree = "<group>"; };
		FB90CD1A2CF002F0001AEA34 /* Extensions.swift */ = {isa = PBXFileReference; lastKnownFileType = sourcecode.swift; path = Extensions.swift; sourceTree = "<group>"; };
		FBA1BCAE2CDE72AF00906477 /* DNDClasses.swift */ = {isa = PBXFileReference; lastKnownFileType = sourcecode.swift; path = DNDClasses.swift; sourceTree = "<group>"; };
		FBA1BCB02CDE72C800906477 /* DNDMonsters.swift */ = {isa = PBXFileReference; lastKnownFileType = sourcecode.swift; path = DNDMonsters.swift; sourceTree = "<group>"; };
		FBA1BCB22CDE735D00906477 /* TabViewController.swift */ = {isa = PBXFileReference; lastKnownFileType = sourcecode.swift; path = TabViewController.swift; sourceTree = "<group>"; };
		FBA1BCB72CDE773B00906477 /* DNDRaces.swift */ = {isa = PBXFileReference; lastKnownFileType = sourcecode.swift; path = DNDRaces.swift; sourceTree = "<group>"; };
		FBA1BCB92CDE7C4000906477 /* ClassViewController.swift */ = {isa = PBXFileReference; lastKnownFileType = sourcecode.swift; path = ClassViewController.swift; sourceTree = "<group>"; };
		FBA1BCBB2CDE7C7400906477 /* MonsterViewController.swift */ = {isa = PBXFileReference; lastKnownFileType = sourcecode.swift; path = MonsterViewController.swift; sourceTree = "<group>"; };
		FBA1BCBD2CDE7C8C00906477 /* RaceViewController.swift */ = {isa = PBXFileReference; lastKnownFileType = sourcecode.swift; path = RaceViewController.swift; sourceTree = "<group>"; };
		FBA1BCBF2CDE7C9900906477 /* SettingsViewController.swift */ = {isa = PBXFileReference; lastKnownFileType = sourcecode.swift; path = SettingsViewController.swift; sourceTree = "<group>"; };
		FBE22F3F2CE50FC200C75C8E /* DNDService.swift */ = {isa = PBXFileReference; lastKnownFileType = sourcecode.swift; name = DNDService.swift; path = Proyecto_Final_191168/Controladores_de_pantallas/Core/DNDService.swift; sourceTree = SOURCE_ROOT; };
		FBE22F412CE50FD200C75C8E /* DNDRequest.swift */ = {isa = PBXFileReference; lastKnownFileType = sourcecode.swift; path = DNDRequest.swift; sourceTree = "<group>"; };
		FBE22F432CE510D200C75C8E /* DNDEndpoint.swift */ = {isa = PBXFileReference; lastKnownFileType = sourcecode.swift; path = DNDEndpoint.swift; sourceTree = "<group>"; };
		FBE22F452CE519CF00C75C8E /* DNDArchetype.swift */ = {isa = PBXFileReference; lastKnownFileType = sourcecode.swift; path = DNDArchetype.swift; sourceTree = "<group>"; };
		FBF3D5E02CEE509A00C58A0B /* DNDObtenerTodasRespuestasClases.swift */ = {isa = PBXFileReference; lastKnownFileType = sourcecode.swift; path = DNDObtenerTodasRespuestasClases.swift; sourceTree = "<group>"; };
/* End PBXFileReference section */

/* Begin PBXFrameworksBuildPhase section */
		FB6F81062CDBD2100065FAA5 /* Frameworks */ = {
			isa = PBXFrameworksBuildPhase;
			buildActionMask = 2147483647;
			files = (
			);
			runOnlyForDeploymentPostprocessing = 0;
		};
/* End PBXFrameworksBuildPhase section */

/* Begin PBXGroup section */
		FB6F81002CDBD2100065FAA5 = {
			isa = PBXGroup;
			children = (
				FB6F810B2CDBD2100065FAA5 /* Proyecto_Final_191168 */,
				FB6F810A2CDBD2100065FAA5 /* Products */,
			);
			sourceTree = "<group>";
		};
		FB6F810A2CDBD2100065FAA5 /* Products */ = {
			isa = PBXGroup;
			children = (
				FB6F81092CDBD2100065FAA5 /* Proyecto_Final_191168.app */,
			);
			name = Products;
			sourceTree = "<group>";
		};
		FB6F810B2CDBD2100065FAA5 /* Proyecto_Final_191168 */ = {
			isa = PBXGroup;
			children = (
				FB90CD192CF002B5001AEA34 /* Resources */,
				FB90CD162CEFF28B001AEA34 /* Views */,
				FB90CD132CEFF112001AEA34 /* ViewModels */,
				FBE22F3E2CE50F8B00C75C8E /* APIClient */,
				FBA1BCAB2CDE711100906477 /* Controladores_de_pantallas */,
				FBA1BCAA2CDE710200906477 /* Proveedor */,
				FBA1BCA92CDE70DD00906477 /* Modelos */,
				FB6F810C2CDBD2100065FAA5 /* AppDelegate.swift */,
				FB6F810E2CDBD2100065FAA5 /* SceneDelegate.swift */,
				FB6F81102CDBD2100065FAA5 /* ViewController.swift */,
				FB6F81122CDBD2100065FAA5 /* Main.storyboard */,
				FB6F81152CDBD2110065FAA5 /* Assets.xcassets */,
				FB6F81172CDBD2110065FAA5 /* LaunchScreen.storyboard */,
				FB6F811A2CDBD2110065FAA5 /* Info.plist */,
			);
			path = Proyecto_Final_191168;
			sourceTree = "<group>";
		};
		FB90CD132CEFF112001AEA34 /* ViewModels */ = {
			isa = PBXGroup;
			children = (
				FB90CD142CEFF17C001AEA34 /* ClassesListViewViewModel.swift */,
			);
			path = ViewModels;
			sourceTree = "<group>";
		};
		FB90CD162CEFF28B001AEA34 /* Views */ = {
			isa = PBXGroup;
			children = (
				FB90CD172CEFF2AC001AEA34 /* ClassesListView.swift */,
			);
			path = Views;
			sourceTree = "<group>";
		};
		FB90CD192CF002B5001AEA34 /* Resources */ = {
			isa = PBXGroup;
			children = (
				FB90CD1A2CF002F0001AEA34 /* Extensions.swift */,
			);
			path = Resources;
			sourceTree = "<group>";
		};
		FBA1BCA92CDE70DD00906477 /* Modelos */ = {
			isa = PBXGroup;
			children = (
				FBF3D5DD2CEE4F7A00C58A0B /* TiposDeRespuestaAPI */,
				FBF3D5DC2CEE4F4100C58A0B /* TiposDeDatos */,
			);
			path = Modelos;
			sourceTree = "<group>";
		};
		FBA1BCAA2CDE710200906477 /* Proveedor */ = {
			isa = PBXGroup;
			children = (
			);
			path = Proveedor;
			sourceTree = "<group>";
		};
		FBA1BCAB2CDE711100906477 /* Controladores_de_pantallas */ = {
			isa = PBXGroup;
			children = (
				FBA1BCB42CDE73D800906477 /* Core */,
			);
			path = Controladores_de_pantallas;
			sourceTree = "<group>";
		};
		FBA1BCB42CDE73D800906477 /* Core */ = {
			isa = PBXGroup;
			children = (
				FBA1BCB22CDE735D00906477 /* TabViewController.swift */,
				FBA1BCB92CDE7C4000906477 /* ClassViewController.swift */,
				FBA1BCBB2CDE7C7400906477 /* MonsterViewController.swift */,
				FBA1BCBD2CDE7C8C00906477 /* RaceViewController.swift */,
				FBA1BCBF2CDE7C9900906477 /* SettingsViewController.swift */,
			);
			path = Core;
			sourceTree = "<group>";
		};
		FBE22F3E2CE50F8B00C75C8E /* APIClient */ = {
			isa = PBXGroup;
			children = (
				FBE22F3F2CE50FC200C75C8E /* DNDService.swift */,
				FBE22F412CE50FD200C75C8E /* DNDRequest.swift */,
				FBE22F432CE510D200C75C8E /* DNDEndpoint.swift */,
			);
			path = APIClient;
			sourceTree = "<group>";
		};
		FBF3D5DC2CEE4F4100C58A0B /* TiposDeDatos */ = {
			isa = PBXGroup;
			children = (
				FBA1BCAE2CDE72AF00906477 /* DNDClasses.swift */,
				FBA1BCB02CDE72C800906477 /* DNDMonsters.swift */,
				FBA1BCB72CDE773B00906477 /* DNDRaces.swift */,
				FBE22F452CE519CF00C75C8E /* DNDArchetype.swift */,
			);
			path = TiposDeDatos;
			sourceTree = "<group>";
		};
		FBF3D5DD2CEE4F7A00C58A0B /* TiposDeRespuestaAPI */ = {
			isa = PBXGroup;
			children = (
				FBF3D5E02CEE509A00C58A0B /* DNDObtenerTodasRespuestasClases.swift */,
			);
			path = TiposDeRespuestaAPI;
			sourceTree = "<group>";
		};
/* End PBXGroup section */

/* Begin PBXNativeTarget section */
		FB6F81082CDBD2100065FAA5 /* Proyecto_Final_191168 */ = {
			isa = PBXNativeTarget;
			buildConfigurationList = FB6F811D2CDBD2110065FAA5 /* Build configuration list for PBXNativeTarget "Proyecto_Final_191168" */;
			buildPhases = (
				FB6F81052CDBD2100065FAA5 /* Sources */,
				FB6F81062CDBD2100065FAA5 /* Frameworks */,
				FB6F81072CDBD2100065FAA5 /* Resources */,
			);
			buildRules = (
			);
			dependencies = (
			);
			name = Proyecto_Final_191168;
			productName = Proyecto_Final_191168;
			productReference = FB6F81092CDBD2100065FAA5 /* Proyecto_Final_191168.app */;
			productType = "com.apple.product-type.application";
		};
/* End PBXNativeTarget section */

/* Begin PBXProject section */
		FB6F81012CDBD2100065FAA5 /* Project object */ = {
			isa = PBXProject;
			attributes = {
				BuildIndependentTargetsInParallel = 1;
				LastSwiftUpdateCheck = 1540;
				LastUpgradeCheck = 1540;
				TargetAttributes = {
					FB6F81082CDBD2100065FAA5 = {
						CreatedOnToolsVersion = 15.4;
					};
				};
			};
			buildConfigurationList = FB6F81042CDBD2100065FAA5 /* Build configuration list for PBXProject "Proyecto_Final_191168" */;
			compatibilityVersion = "Xcode 14.0";
			developmentRegion = en;
			hasScannedForEncodings = 0;
			knownRegions = (
				en,
				Base,
			);
			mainGroup = FB6F81002CDBD2100065FAA5;
			productRefGroup = FB6F810A2CDBD2100065FAA5 /* Products */;
			projectDirPath = "";
			projectRoot = "";
			targets = (
				FB6F81082CDBD2100065FAA5 /* Proyecto_Final_191168 */,
			);
		};
/* End PBXProject section */

/* Begin PBXResourcesBuildPhase section */
		FB6F81072CDBD2100065FAA5 /* Resources */ = {
			isa = PBXResourcesBuildPhase;
			buildActionMask = 2147483647;
			files = (
				FB6F81162CDBD2110065FAA5 /* Assets.xcassets in Resources */,
				FB6F81192CDBD2110065FAA5 /* Base in Resources */,
				FB6F81142CDBD2100065FAA5 /* Base in Resources */,
			);
			runOnlyForDeploymentPostprocessing = 0;
		};
/* End PBXResourcesBuildPhase section */

/* Begin PBXSourcesBuildPhase section */
		FB6F81052CDBD2100065FAA5 /* Sources */ = {
			isa = PBXSourcesBuildPhase;
			buildActionMask = 2147483647;
			files = (
				FB6F81112CDBD2100065FAA5 /* ViewController.swift in Sources */,
				FBE22F462CE519CF00C75C8E /* DNDArchetype.swift in Sources */,
				FB90CD152CEFF17C001AEA34 /* ClassesListViewViewModel.swift in Sources */,
				FBE22F402CE50FC200C75C8E /* DNDService.swift in Sources */,
				FBA1BCBA2CDE7C4000906477 /* ClassViewController.swift in Sources */,
				FBA1BCC02CDE7C9900906477 /* SettingsViewController.swift in Sources */,
				FB6F810D2CDBD2100065FAA5 /* AppDelegate.swift in Sources */,
				FB90CD1B2CF002F0001AEA34 /* Extensions.swift in Sources */,
				FBA1BCB12CDE72C800906477 /* DNDMonsters.swift in Sources */,
				FBA1BCBC2CDE7C7400906477 /* MonsterViewController.swift in Sources */,
				FBE22F442CE510D200C75C8E /* DNDEndpoint.swift in Sources */,
				FBF3D5E12CEE509A00C58A0B /* DNDObtenerTodasRespuestasClases.swift in Sources */,
				FB6F810F2CDBD2100065FAA5 /* SceneDelegate.swift in Sources */,
				FBA1BCB82CDE773B00906477 /* DNDRaces.swift in Sources */,
				FB90CD182CEFF2AC001AEA34 /* ClassesListView.swift in Sources */,
				FBA1BCAF2CDE72AF00906477 /* DNDClasses.swift in Sources */,
				FBE22F422CE50FD200C75C8E /* DNDRequest.swift in Sources */,
				FBA1BCB32CDE735D00906477 /* TabViewController.swift in Sources */,
				FBA1BCBE2CDE7C8C00906477 /* RaceViewController.swift in Sources */,
			);
			runOnlyForDeploymentPostprocessing = 0;
		};
/* End PBXSourcesBuildPhase section */

/* Begin PBXVariantGroup section */
		FB6F81122CDBD2100065FAA5 /* Main.storyboard */ = {
			isa = PBXVariantGroup;
			children = (
				FB6F81132CDBD2100065FAA5 /* Base */,
			);
			name = Main.storyboard;
			sourceTree = "<group>";
		};
		FB6F81172CDBD2110065FAA5 /* LaunchScreen.storyboard */ = {
			isa = PBXVariantGroup;
			children = (
				FB6F81182CDBD2110065FAA5 /* Base */,
			);
			name = LaunchScreen.storyboard;
			sourceTree = "<group>";
		};
/* End PBXVariantGroup section */

/* Begin XCBuildConfiguration section */
		FB6F811B2CDBD2110065FAA5 /* Debug */ = {
			isa = XCBuildConfiguration;
			buildSettings = {
				ALWAYS_SEARCH_USER_PATHS = NO;
				ASSETCATALOG_COMPILER_GENERATE_SWIFT_ASSET_SYMBOL_EXTENSIONS = YES;
				CLANG_ANALYZER_NONNULL = YES;
				CLANG_ANALYZER_NUMBER_OBJECT_CONVERSION = YES_AGGRESSIVE;
				CLANG_CXX_LANGUAGE_STANDARD = "gnu++20";
				CLANG_ENABLE_MODULES = YES;
				CLANG_ENABLE_OBJC_ARC = YES;
				CLANG_ENABLE_OBJC_WEAK = YES;
				CLANG_WARN_BLOCK_CAPTURE_AUTORELEASING = YES;
				CLANG_WARN_BOOL_CONVERSION = YES;
				CLANG_WARN_COMMA = YES;
				CLANG_WARN_CONSTANT_CONVERSION = YES;
				CLANG_WARN_DEPRECATED_OBJC_IMPLEMENTATIONS = YES;
				CLANG_WARN_DIRECT_OBJC_ISA_USAGE = YES_ERROR;
				CLANG_WARN_DOCUMENTATION_COMMENTS = YES;
				CLANG_WARN_EMPTY_BODY = YES;
				CLANG_WARN_ENUM_CONVERSION = YES;
				CLANG_WARN_INFINITE_RECURSION = YES;
				CLANG_WARN_INT_CONVERSION = YES;
				CLANG_WARN_NON_LITERAL_NULL_CONVERSION = YES;
				CLANG_WARN_OBJC_IMPLICIT_RETAIN_SELF = YES;
				CLANG_WARN_OBJC_LITERAL_CONVERSION = YES;
				CLANG_WARN_OBJC_ROOT_CLASS = YES_ERROR;
				CLANG_WARN_QUOTED_INCLUDE_IN_FRAMEWORK_HEADER = YES;
				CLANG_WARN_RANGE_LOOP_ANALYSIS = YES;
				CLANG_WARN_STRICT_PROTOTYPES = YES;
				CLANG_WARN_SUSPICIOUS_MOVE = YES;
				CLANG_WARN_UNGUARDED_AVAILABILITY = YES_AGGRESSIVE;
				CLANG_WARN_UNREACHABLE_CODE = YES;
				CLANG_WARN__DUPLICATE_METHOD_MATCH = YES;
				COPY_PHASE_STRIP = NO;
				DEBUG_INFORMATION_FORMAT = dwarf;
				ENABLE_STRICT_OBJC_MSGSEND = YES;
				ENABLE_TESTABILITY = YES;
				ENABLE_USER_SCRIPT_SANDBOXING = YES;
				GCC_C_LANGUAGE_STANDARD = gnu17;
				GCC_DYNAMIC_NO_PIC = NO;
				GCC_NO_COMMON_BLOCKS = YES;
				GCC_OPTIMIZATION_LEVEL = 0;
				GCC_PREPROCESSOR_DEFINITIONS = (
					"DEBUG=1",
					"$(inherited)",
				);
				GCC_WARN_64_TO_32_BIT_CONVERSION = YES;
				GCC_WARN_ABOUT_RETURN_TYPE = YES_ERROR;
				GCC_WARN_UNDECLARED_SELECTOR = YES;
				GCC_WARN_UNINITIALIZED_AUTOS = YES_AGGRESSIVE;
				GCC_WARN_UNUSED_FUNCTION = YES;
				GCC_WARN_UNUSED_VARIABLE = YES;
				IPHONEOS_DEPLOYMENT_TARGET = 17.5;
				LOCALIZATION_PREFERS_STRING_CATALOGS = YES;
				MTL_ENABLE_DEBUG_INFO = INCLUDE_SOURCE;
				MTL_FAST_MATH = YES;
				ONLY_ACTIVE_ARCH = YES;
				SDKROOT = iphoneos;
				SWIFT_ACTIVE_COMPILATION_CONDITIONS = "DEBUG $(inherited)";
				SWIFT_OPTIMIZATION_LEVEL = "-Onone";
			};
			name = Debug;
		};
		FB6F811C2CDBD2110065FAA5 /* Release */ = {
			isa = XCBuildConfiguration;
			buildSettings = {
				ALWAYS_SEARCH_USER_PATHS = NO;
				ASSETCATALOG_COMPILER_GENERATE_SWIFT_ASSET_SYMBOL_EXTENSIONS = YES;
				CLANG_ANALYZER_NONNULL = YES;
				CLANG_ANALYZER_NUMBER_OBJECT_CONVERSION = YES_AGGRESSIVE;
				CLANG_CXX_LANGUAGE_STANDARD = "gnu++20";
				CLANG_ENABLE_MODULES = YES;
				CLANG_ENABLE_OBJC_ARC = YES;
				CLANG_ENABLE_OBJC_WEAK = YES;
				CLANG_WARN_BLOCK_CAPTURE_AUTORELEASING = YES;
				CLANG_WARN_BOOL_CONVERSION = YES;
				CLANG_WARN_COMMA = YES;
				CLANG_WARN_CONSTANT_CONVERSION = YES;
				CLANG_WARN_DEPRECATED_OBJC_IMPLEMENTATIONS = YES;
				CLANG_WARN_DIRECT_OBJC_ISA_USAGE = YES_ERROR;
				CLANG_WARN_DOCUMENTATION_COMMENTS = YES;
				CLANG_WARN_EMPTY_BODY = YES;
				CLANG_WARN_ENUM_CONVERSION = YES;
				CLANG_WARN_INFINITE_RECURSION = YES;
				CLANG_WARN_INT_CONVERSION = YES;
				CLANG_WARN_NON_LITERAL_NULL_CONVERSION = YES;
				CLANG_WARN_OBJC_IMPLICIT_RETAIN_SELF = YES;
				CLANG_WARN_OBJC_LITERAL_CONVERSION = YES;
				CLANG_WARN_OBJC_ROOT_CLASS = YES_ERROR;
				CLANG_WARN_QUOTED_INCLUDE_IN_FRAMEWORK_HEADER = YES;
				CLANG_WARN_RANGE_LOOP_ANALYSIS = YES;
				CLANG_WARN_STRICT_PROTOTYPES = YES;
				CLANG_WARN_SUSPICIOUS_MOVE = YES;
				CLANG_WARN_UNGUARDED_AVAILABILITY = YES_AGGRESSIVE;
				CLANG_WARN_UNREACHABLE_CODE = YES;
				CLANG_WARN__DUPLICATE_METHOD_MATCH = YES;
				COPY_PHASE_STRIP = NO;
				DEBUG_INFORMATION_FORMAT = "dwarf-with-dsym";
				ENABLE_NS_ASSERTIONS = NO;
				ENABLE_STRICT_OBJC_MSGSEND = YES;
				ENABLE_USER_SCRIPT_SANDBOXING = YES;
				GCC_C_LANGUAGE_STANDARD = gnu17;
				GCC_NO_COMMON_BLOCKS = YES;
				GCC_WARN_64_TO_32_BIT_CONVERSION = YES;
				GCC_WARN_ABOUT_RETURN_TYPE = YES_ERROR;
				GCC_WARN_UNDECLARED_SELECTOR = YES;
				GCC_WARN_UNINITIALIZED_AUTOS = YES_AGGRESSIVE;
				GCC_WARN_UNUSED_FUNCTION = YES;
				GCC_WARN_UNUSED_VARIABLE = YES;
				IPHONEOS_DEPLOYMENT_TARGET = 17.5;
				LOCALIZATION_PREFERS_STRING_CATALOGS = YES;
				MTL_ENABLE_DEBUG_INFO = NO;
				MTL_FAST_MATH = YES;
				SDKROOT = iphoneos;
				SWIFT_COMPILATION_MODE = wholemodule;
				VALIDATE_PRODUCT = YES;
			};
			name = Release;
		};
		FB6F811E2CDBD2110065FAA5 /* Debug */ = {
			isa = XCBuildConfiguration;
			buildSettings = {
				ASSETCATALOG_COMPILER_APPICON_NAME = AppIcon;
				ASSETCATALOG_COMPILER_GLOBAL_ACCENT_COLOR_NAME = AccentColor;
				CODE_SIGN_STYLE = Automatic;
				CURRENT_PROJECT_VERSION = 1;
				GENERATE_INFOPLIST_FILE = YES;
				INFOPLIST_FILE = Proyecto_Final_191168/Info.plist;
				INFOPLIST_KEY_UIApplicationSupportsIndirectInputEvents = YES;
				INFOPLIST_KEY_UILaunchStoryboardName = LaunchScreen;
				INFOPLIST_KEY_UIMainStoryboardFile = Main;
				INFOPLIST_KEY_UISupportedInterfaceOrientations_iPad = "UIInterfaceOrientationPortrait UIInterfaceOrientationPortraitUpsideDown UIInterfaceOrientationLandscapeLeft UIInterfaceOrientationLandscapeRight";
				INFOPLIST_KEY_UISupportedInterfaceOrientations_iPhone = "UIInterfaceOrientationPortrait UIInterfaceOrientationLandscapeLeft UIInterfaceOrientationLandscapeRight";
				IPHONEOS_DEPLOYMENT_TARGET = 17.0;
				LD_RUNPATH_SEARCH_PATHS = (
					"$(inherited)",
					"@executable_path/Frameworks",
				);
				MARKETING_VERSION = 1.0;
				PRODUCT_BUNDLE_IDENTIFIER = "ddmi.Proyecto-Final-191168";
				PRODUCT_NAME = "$(TARGET_NAME)";
				SWIFT_EMIT_LOC_STRINGS = YES;
				SWIFT_VERSION = 5.0;
				TARGETED_DEVICE_FAMILY = "1,2";
			};
			name = Debug;
		};
		FB6F811F2CDBD2110065FAA5 /* Release */ = {
			isa = XCBuildConfiguration;
			buildSettings = {
				ASSETCATALOG_COMPILER_APPICON_NAME = AppIcon;
				ASSETCATALOG_COMPILER_GLOBAL_ACCENT_COLOR_NAME = AccentColor;
				CODE_SIGN_STYLE = Automatic;
				CURRENT_PROJECT_VERSION = 1;
				GENERATE_INFOPLIST_FILE = YES;
				INFOPLIST_FILE = Proyecto_Final_191168/Info.plist;
				INFOPLIST_KEY_UIApplicationSupportsIndirectInputEvents = YES;
				INFOPLIST_KEY_UILaunchStoryboardName = LaunchScreen;
				INFOPLIST_KEY_UIMainStoryboardFile = Main;
				INFOPLIST_KEY_UISupportedInterfaceOrientations_iPad = "UIInterfaceOrientationPortrait UIInterfaceOrientationPortraitUpsideDown UIInterfaceOrientationLandscapeLeft UIInterfaceOrientationLandscapeRight";
				INFOPLIST_KEY_UISupportedInterfaceOrientations_iPhone = "UIInterfaceOrientationPortrait UIInterfaceOrientationLandscapeLeft UIInterfaceOrientationLandscapeRight";
				IPHONEOS_DEPLOYMENT_TARGET = 17.0;
				LD_RUNPATH_SEARCH_PATHS = (
					"$(inherited)",
					"@executable_path/Frameworks",
				);
				MARKETING_VERSION = 1.0;
				PRODUCT_BUNDLE_IDENTIFIER = "ddmi.Proyecto-Final-191168";
				PRODUCT_NAME = "$(TARGET_NAME)";
				SWIFT_EMIT_LOC_STRINGS = YES;
				SWIFT_VERSION = 5.0;
				TARGETED_DEVICE_FAMILY = "1,2";
			};
			name = Release;
		};
/* End XCBuildConfiguration section */

/* Begin XCConfigurationList section */
		FB6F81042CDBD2100065FAA5 /* Build configuration list for PBXProject "Proyecto_Final_191168" */ = {
			isa = XCConfigurationList;
			buildConfigurations = (
				FB6F811B2CDBD2110065FAA5 /* Debug */,
				FB6F811C2CDBD2110065FAA5 /* Release */,
			);
			defaultConfigurationIsVisible = 0;
			defaultConfigurationName = Release;
		};
		FB6F811D2CDBD2110065FAA5 /* Build configuration list for PBXNativeTarget "Proyecto_Final_191168" */ = {
			isa = XCConfigurationList;
			buildConfigurations = (
				FB6F811E2CDBD2110065FAA5 /* Debug */,
				FB6F811F2CDBD2110065FAA5 /* Release */,
			);
			defaultConfigurationIsVisible = 0;
			defaultConfigurationName = Release;
		};
/* End XCConfigurationList section */
	};
	rootObject = FB6F81012CDBD2100065FAA5 /* Project object */;
}
